
Microsoft Visual Studio Solution File, Format Version 12.00
# Visual Studio 15
VisualStudioVersion = 15.0.27703.2035
MinimumVisualStudioVersion = 10.0.40219.1
Project("{FAE04EC0-301F-11D3-BF4B-00C04F79EFBC}") = "ResumeNET", "ResumeNET\ResumeNET.csproj", "{83B8F741-79F1-43B9-AF41-E4BF1B3F4C21}"
EndProject
Project("{FAE04EC0-301F-11D3-BF4B-00C04F79EFBC}") = "TestConsole", "TestConsole\TestConsole.csproj", "{C2A1BCD3-5386-42CB-A723-1D651198D308}"
EndProject
Global
	GlobalSection(SolutionConfigurationPlatforms) = preSolution
		Debug|Any CPU = Debug|Any CPU
		Release|Any CPU = Release|Any CPU
	EndGlobalSection
	GlobalSection(ProjectConfigurationPlatforms) = postSolution
		{83B8F741-79F1-43B9-AF41-E4BF1B3F4C21}.Debug|Any CPU.ActiveCfg = Debug|Any CPU
		{83B8F741-79F1-43B9-AF41-E4BF1B3F4C21}.Debug|Any CPU.Build.0 = Debug|Any CPU
		{83B8F741-79F1-43B9-AF41-E4BF1B3F4C21}.Release|Any CPU.ActiveCfg = Release|Any CPU
		{83B8F741-79F1-43B9-AF41-E4BF1B3F4C21}.Release|Any CPU.Build.0 = Release|Any CPU
		{C2A1BCD3-5386-42CB-A723-1D651198D308}.Debug|Any CPU.ActiveCfg = Debug|Any CPU
		{C2A1BCD3-5386-42CB-A723-1D651198D308}.Debug|Any CPU.Build.0 = Debug|Any CPU
		{C2A1BCD3-5386-42CB-A723-1D651198D308}.Release|Any CPU.ActiveCfg = Release|Any CPU
		{C2A1BCD3-5386-42CB-A723-1D651198D308}.Release|Any CPU.Build.0 = Release|Any CPU
	EndGlobalSection
	GlobalSection(SolutionProperties) = preSolution
		HideSolutionNode = FALSE
	EndGlobalSection
	GlobalSection(ExtensibilityGlobals) = postSolution
		SolutionGuid = {DC5A0E91-0AE6-418E-AE78-FEF467124FBF}
	EndGlobalSection
EndGlobal
