
Microsoft Visual Studio Solution File, Format Version 12.00
# Visual Studio Version 17
VisualStudioVersion = 17.13.35825.156
MinimumVisualStudioVersion = 10.0.40219.1
Project("{2150E333-8FDC-42A3-9474-1A3956D46DE8}") = "01 - Common", "01 - Common", "{02EA681E-C7D8-13C7-8484-4AC65E1B71E8}"
EndProject
Project("{2150E333-8FDC-42A3-9474-1A3956D46DE8}") = "02 - Data Access", "02 - Data Access", "{6CD337C1-A85D-44CB-8FEA-11D01B83537E}"
EndProject
Project("{2150E333-8FDC-42A3-9474-1A3956D46DE8}") = "03 - Business", "03 - Business", "{1AC2F27D-7DD0-45F8-84E6-18D9B8056E61}"
EndProject
Project("{2150E333-8FDC-42A3-9474-1A3956D46DE8}") = "04 - Presentation", "04 - Presentation", "{680CB114-C8AF-46D3-B7B3-4250C47F8D8D}"
EndProject
Project("{FAE04EC0-301F-11D3-BF4B-00C04F79EFBC}") = "ResumeNET.Common", "Common\ResumeNET.Common\ResumeNET.Common.csproj", "{6EA19462-5D37-4F5F-AB26-0F6B5E0AFDD0}"
EndProject
Project("{FAE04EC0-301F-11D3-BF4B-00C04F79EFBC}") = "ResumeNET.Data", "Data Access\ResumeNET.Data\ResumeNET.Data.csproj", "{77DC074C-5437-44A2-9603-E44EEDE4A2B6}"
EndProject
Project("{FAE04EC0-301F-11D3-BF4B-00C04F79EFBC}") = "ResumeNET.Data.Contracts", "Data Access\ResumeNET.Data.Contracts\ResumeNET.Data.Contracts.csproj", "{6D317465-EE11-4DC9-826B-EA93BA805C96}"
EndProject
Project("{FAE04EC0-301F-11D3-BF4B-00C04F79EFBC}") = "ResumeNET.Presentation.Console", "Presentation\ResumeNET.Presentation.Console\ResumeNET.Presentation.Console.csproj", "{C2A1BCD3-5386-42CB-A723-1D651198D308}"
EndProject
Global
	GlobalSection(SolutionConfigurationPlatforms) = preSolution
		Debug|Any CPU = Debug|Any CPU
		Release|Any CPU = Release|Any CPU
	EndGlobalSection
	GlobalSection(ProjectConfigurationPlatforms) = postSolution
		{6EA19462-5D37-4F5F-AB26-0F6B5E0AFDD0}.Debug|Any CPU.ActiveCfg = Debug|Any CPU
		{6EA19462-5D37-4F5F-AB26-0F6B5E0AFDD0}.Debug|Any CPU.Build.0 = Debug|Any CPU
		{6EA19462-5D37-4F5F-AB26-0F6B5E0AFDD0}.Release|Any CPU.ActiveCfg = Release|Any CPU
		{6EA19462-5D37-4F5F-AB26-0F6B5E0AFDD0}.Release|Any CPU.Build.0 = Release|Any CPU
		{77DC074C-5437-44A2-9603-E44EEDE4A2B6}.Debug|Any CPU.ActiveCfg = Debug|Any CPU
		{77DC074C-5437-44A2-9603-E44EEDE4A2B6}.Debug|Any CPU.Build.0 = Debug|Any CPU
		{77DC074C-5437-44A2-9603-E44EEDE4A2B6}.Release|Any CPU.ActiveCfg = Release|Any CPU
		{77DC074C-5437-44A2-9603-E44EEDE4A2B6}.Release|Any CPU.Build.0 = Release|Any CPU
		{6D317465-EE11-4DC9-826B-EA93BA805C96}.Debug|Any CPU.ActiveCfg = Debug|Any CPU
		{6D317465-EE11-4DC9-826B-EA93BA805C96}.Debug|Any CPU.Build.0 = Debug|Any CPU
		{6D317465-EE11-4DC9-826B-EA93BA805C96}.Release|Any CPU.ActiveCfg = Release|Any CPU
		{6D317465-EE11-4DC9-826B-EA93BA805C96}.Release|Any CPU.Build.0 = Release|Any CPU
		{C2A1BCD3-5386-42CB-A723-1D651198D308}.Debug|Any CPU.ActiveCfg = Debug|Any CPU
		{C2A1BCD3-5386-42CB-A723-1D651198D308}.Debug|Any CPU.Build.0 = Debug|Any CPU
		{C2A1BCD3-5386-42CB-A723-1D651198D308}.Release|Any CPU.ActiveCfg = Release|Any CPU
		{C2A1BCD3-5386-42CB-A723-1D651198D308}.Release|Any CPU.Build.0 = Release|Any CPU
	EndGlobalSection
	GlobalSection(SolutionProperties) = preSolution
		HideSolutionNode = FALSE
	EndGlobalSection
	GlobalSection(NestedProjects) = preSolution
		{6EA19462-5D37-4F5F-AB26-0F6B5E0AFDD0} = {02EA681E-C7D8-13C7-8484-4AC65E1B71E8}
		{77DC074C-5437-44A2-9603-E44EEDE4A2B6} = {6CD337C1-A85D-44CB-8FEA-11D01B83537E}
		{6D317465-EE11-4DC9-826B-EA93BA805C96} = {6CD337C1-A85D-44CB-8FEA-11D01B83537E}
		{C2A1BCD3-5386-42CB-A723-1D651198D308} = {680CB114-C8AF-46D3-B7B3-4250C47F8D8D}
	EndGlobalSection
	GlobalSection(ExtensibilityGlobals) = postSolution
		SolutionGuid = {DC5A0E91-0AE6-418E-AE78-FEF467124FBF}
	EndGlobalSection
EndGlobal
